github.com/spakin/netpbm v1.3.1 h1:zEVuZ671LLWTGg9wvcDjLk6Qsj2OCjK0/s9THrlTXCA=
github.com/spakin/netpbm v1.3.1/go.mod h1:cVep9uXARFgAu2UU+0c+OE1J+eKmDN2hW0EN+tazkTA=
github.com/spf13/pflag v1.0.6 h1:jFzHGLGAlb3ruxLB8MhbI6A8+AQX/2eW4qeyNZXNp2o=
github.com/spf13/pflag v1.0.6/go.mod h1:McXfInJRrz4CZXVZOBLb0bTZqETkiAhM9Iw0y3An2Bg=
