github.com/spakin/netpbm v1.3.0 h1:eDX7VvrkN5sHXW0luZXRA4AKDlLmu0E5sNxJ7VSTwxc=
github.com/spakin/netpbm v1.3.0/go.mod h1:Q+ep6vNv1G44qSWp0wt3Y9o1m/QXjmaXZIFC0PMVpq0=
github.com/spf13/pflag v1.0.6 h1:jFzHGLGAlb3ruxLB8MhbI6A8+AQX/2eW4qeyNZXNp2o=
github.com/spf13/pflag v1.0.6/go.mod h1:McXfInJRrz4CZXVZOBLb0bTZqETkiAhM9Iw0y3An2Bg=
